# This file is autogenerated, do not edit; changes may be undone by the next 'dep ensure'.


[[projects]]
  branch = "master"
  name = "github.com/DATA-DOG/go-sqlmock"
  packages = ["."]
  revision = "b9ca56ce96879f5362120ae10866bbf66f2c5db6"

[[projects]]
  name = "github.com/alicebob/miniredis"
  packages = [".","server"]
  revision = "70cb3fab2cf658a95f2ccae5bfb2f0ccbba0c548"
  version = "2.2.1"

[[projects]]
  branch = "master"
  name = "github.com/allegro/bigcache"
  packages = [".","queue"]
  revision = "62db1442811378ae21b10e241fa226bfdc326aca"

[[projects]]
  branch = "master"
  name = "github.com/boltdb/bolt"
  packages = ["."]
  revision = "9da31745363232bc1e27dbab3569e77383a51585"

[[projects]]
  branch = "master"
  name = "github.com/go-redis/redis"
  packages = [".","internal","internal/consistenthash","internal/hashtag","internal/pool","internal/proto"]
  revision = "ce05aa5775d74a7314b83570c15cd8cc66ed1696"

[[projects]]
  branch = "master"
  name = "github.com/mediocregopher/radix.v2"
  packages = ["redis"]
  revision = "4699b97613b74db996094bf03e19dd2ae90d8bbc"

[[projects]]
  branch = "master"
  name = "golang.org/x/sys"
  packages = ["unix"]
  revision = "810d7000345868fc619eb81f46307107118f4ae1"

[solve-meta]
  analyzer-name = "dep"
  analyzer-version = 1
  inputs-digest = "7e2ea100ac30ae2e00439a35f3e6c573313b0ce83a5f4b137d3971c49bd19d63"
  solver-name = "gps-cdcl"
  solver-version = 1
