# This file is autogenerated, do not edit; changes may be undone by the next 'dep ensure'.


[[projects]]
  name = "github.com/BurntSushi/toml"
  packages = ["."]
  revision = "b26d9c308763d68093482582cea63d69be07a0f0"
  version = "v0.3.0"

[[projects]]
  name = "github.com/atrox/homedir"
  packages = ["."]
  revision = "06c445c1ff71259ff8653dd17941b062b4c7f457"
  version = "v1.0.0"

[[projects]]
  branch = "master"
  name = "github.com/axgle/mahonia"
  packages = ["."]
  revision = "3358181d7394e26beccfae0ffde05193ef3be33a"

[[projects]]
  branch = "master"
  name = "github.com/bramvdbogaerde/go-scp"
  packages = [".","auth"]
  revision = "e1fc87afa32536b6f2a58fc9cf937432aeff91e7"

[[projects]]
  name = "github.com/davecgh/go-spew"
  packages = ["spew"]
  revision = "346938d642f2ec3594ed81d874461961cd0faa76"
  version = "v1.1.0"

[[projects]]
  branch = "master"
  name = "github.com/djimenez/iconv-go"
  packages = ["."]
  revision = "8960e66bd3dacbc8773962b40eb82fc18c63c127"

[[projects]]
  name = "github.com/fsnotify/fsnotify"
  packages = ["."]
  revision = "629574ca2a5df945712d3079857300b5e4da0236"
  version = "v1.4.2"

[[projects]]
  name = "github.com/go-sql-driver/mysql"
  packages = ["."]
  revision = "d523deb1b23d913de5bdada721a6071e71283618"
  version = "v1.4.0"

[[projects]]
  branch = "master"
  name = "github.com/hashicorp/hcl"
  packages = [".","hcl/ast","hcl/parser","hcl/scanner","hcl/strconv","hcl/token","json/parser","json/scanner","json/token"]
  revision = "23c074d0eceb2b8a5bfdbb271ab780cde70f05a8"

[[projects]]
  name = "github.com/magiconair/properties"
  packages = ["."]
  revision = "be5ece7dd465ab0765a9682137865547526d1dfb"
  version = "v1.7.3"

[[projects]]
  branch = "master"
  name = "github.com/mitchellh/mapstructure"
  packages = ["."]
  revision = "06020f85339e21b2478f756a78e295255ffa4d6a"

[[projects]]
  name = "github.com/otiai10/gosseract"
  packages = ["."]
  revision = "1cbb6d4346fe60110fbf2f34b3fd64348a3cefb1"
  version = "v2.1.0"

[[projects]]
  name = "github.com/pelletier/go-toml"
  packages = ["."]
  revision = "16398bac157da96aa88f98a2df640c7f32af1da2"
  version = "v1.0.1"

[[projects]]
  name = "github.com/pmezard/go-difflib"
  packages = ["difflib"]
  revision = "792786c7400a136282c1664665ae0a8db921c6c2"
  version = "v1.0.0"

[[projects]]
  branch = "master"
  name = "github.com/spf13/afero"
  packages = [".","mem"]
  revision = "5660eeed305fe5f69c8fc6cf899132a459a97064"

[[projects]]
  name = "github.com/spf13/cast"
  packages = ["."]
  revision = "acbeb36b902d72a7a4c18e8f3241075e7ab763e4"
  version = "v1.1.0"

[[projects]]
  branch = "master"
  name = "github.com/spf13/jwalterweatherman"
  packages = ["."]
  revision = "12bd96e66386c1960ab0f74ced1362f66f552f7b"

[[projects]]
  name = "github.com/spf13/pflag"
  packages = ["."]
  revision = "e57e3eeb33f795204c1ca35f56c44f83227c6e66"
  version = "v1.0.0"

[[projects]]
  name = "github.com/spf13/viper"
  packages = ["."]
  revision = "25b30aa063fc18e48662b86996252eabdcf2f0c7"
  version = "v1.0.0"

[[projects]]
  name = "github.com/stretchr/testify"
  packages = ["assert"]
  revision = "f35b8ab0b5a2cef36673838d662e249dd9c94686"
  version = "v1.2.2"

[[projects]]
  branch = "master"
  name = "golang.org/x/crypto"
  packages = ["curve25519","ed25519","ed25519/internal/edwards25519","internal/chacha20","poly1305","ssh"]
  revision = "a6600008915114d9c087fad9f03d75087b1a74df"

[[projects]]
  branch = "master"
  name = "golang.org/x/net"
  packages = ["context"]
  revision = "c73622c77280266305273cb545f54516ced95b93"

[[projects]]
  branch = "master"
  name = "golang.org/x/sys"
  packages = ["unix"]
  revision = "661970f62f5897bc0cd5fdca7e087ba8a98a8fa1"

[[projects]]
  branch = "master"
  name = "golang.org/x/text"
  packages = ["internal/gen","internal/triegen","internal/ucd","transform","unicode/cldr","unicode/norm"]
  revision = "6eab0e8f74e86c598ec3b6fad4888e0c11482d48"

[[projects]]
  name = "google.golang.org/appengine"
  packages = ["cloudsql"]
  revision = "b1f26356af11148e710935ed1ac8a7f5702c7612"
  version = "v1.1.0"

[[projects]]
  branch = "v3"
  name = "gopkg.in/alexcesaro/quotedprintable.v3"
  packages = ["."]
  revision = "2caba252f4dc53eaf6b553000885530023f54623"

[[projects]]
  name = "gopkg.in/gomail.v2"
  packages = ["."]
  revision = "41f3572897373c5538c50a2402db15db079fa4fd"
  version = "2.0.0"

[[projects]]
  branch = "v2"
  name = "gopkg.in/yaml.v2"
  packages = ["."]
  revision = "eb3733d160e74a9c7e442f435eb3bea458e1d19f"

[solve-meta]
  analyzer-name = "dep"
  analyzer-version = 1
  inputs-digest = "b4dbcdbe60a5bd4d549b3092d73a0b5f9bc0934be8b69f8d184e74280b15610b"
  solver-name = "gps-cdcl"
  solver-version = 1
